
Microsoft Visual Studio Solution File, Format Version 12.00
# Visual Studio 14
VisualStudioVersion = 14.0.25420.1
MinimumVisualStudioVersion = 10.0.40219.1
Project("{FAE04EC0-301F-11D3-BF4B-00C04F79EFBC}") = "PayMeCard", "PayMeCard\PayMeCard.csproj", "{6B433A2E-5748-45AA-9B70-A1DE957620D7}"
EndProject
Project("{FAE04EC0-301F-11D3-BF4B-00C04F79EFBC}") = "Repository", "Repository\Repository.csproj", "{2DBDA4E1-6164-4B1A-A5EB-1EC7C553B388}"
	ProjectSection(ProjectDependencies) = postProject
		{FE55F1DD-CA29-47FD-9337-0CA344B44298} = {FE55F1DD-CA29-47FD-9337-0CA344B44298}
	EndProjectSection
EndProject
Project("{FAE04EC0-301F-11D3-BF4B-00C04F79EFBC}") = "Entity", "Entity\Entity.csproj", "{FE55F1DD-CA29-47FD-9337-0CA344B44298}"
EndProject
Project("{FAE04EC0-301F-11D3-BF4B-00C04F79EFBC}") = "Service", "Service\Service.csproj", "{A15D4D9B-507A-4444-95F2-4A2945E2F0A3}"
EndProject
Global
	GlobalSection(SolutionConfigurationPlatforms) = preSolution
		Debug|Any CPU = Debug|Any CPU
		Release|Any CPU = Release|Any CPU
	EndGlobalSection
	GlobalSection(ProjectConfigurationPlatforms) = postSolution
		{6B433A2E-5748-45AA-9B70-A1DE957620D7}.Debug|Any CPU.ActiveCfg = Debug|Any CPU
		{6B433A2E-5748-45AA-9B70-A1DE957620D7}.Debug|Any CPU.Build.0 = Debug|Any CPU
		{6B433A2E-5748-45AA-9B70-A1DE957620D7}.Release|Any CPU.ActiveCfg = Release|Any CPU
		{6B433A2E-5748-45AA-9B70-A1DE957620D7}.Release|Any CPU.Build.0 = Release|Any CPU
		{2DBDA4E1-6164-4B1A-A5EB-1EC7C553B388}.Debug|Any CPU.ActiveCfg = Debug|Any CPU
		{2DBDA4E1-6164-4B1A-A5EB-1EC7C553B388}.Debug|Any CPU.Build.0 = Debug|Any CPU
		{2DBDA4E1-6164-4B1A-A5EB-1EC7C553B388}.Release|Any CPU.ActiveCfg = Release|Any CPU
		{2DBDA4E1-6164-4B1A-A5EB-1EC7C553B388}.Release|Any CPU.Build.0 = Release|Any CPU
		{FE55F1DD-CA29-47FD-9337-0CA344B44298}.Debug|Any CPU.ActiveCfg = Debug|Any CPU
		{FE55F1DD-CA29-47FD-9337-0CA344B44298}.Debug|Any CPU.Build.0 = Debug|Any CPU
		{FE55F1DD-CA29-47FD-9337-0CA344B44298}.Release|Any CPU.ActiveCfg = Release|Any CPU
		{FE55F1DD-CA29-47FD-9337-0CA344B44298}.Release|Any CPU.Build.0 = Release|Any CPU
		{A15D4D9B-507A-4444-95F2-4A2945E2F0A3}.Debug|Any CPU.ActiveCfg = Debug|Any CPU
		{A15D4D9B-507A-4444-95F2-4A2945E2F0A3}.Debug|Any CPU.Build.0 = Debug|Any CPU
		{A15D4D9B-507A-4444-95F2-4A2945E2F0A3}.Release|Any CPU.ActiveCfg = Release|Any CPU
		{A15D4D9B-507A-4444-95F2-4A2945E2F0A3}.Release|Any CPU.Build.0 = Release|Any CPU
	EndGlobalSection
	GlobalSection(SolutionProperties) = preSolution
		HideSolutionNode = FALSE
	EndGlobalSection
EndGlobal
